// !$*UTF8*$!
{
	archiveVersion = 1;
	classes = {
	};
	objectVersion = 56;
	objects = {

/* Begin PBXBuildFile section */
		E70A76012BA2FDB2001980CB /* NasaAPI.swift in Sources */ = {isa = PBXBuildFile; fileRef = E70A76002BA2FDB2001980CB /* NasaAPI.swift */; };
		E70A76042BA30112001980CB /* RoversModel.swift in Sources */ = {isa = PBXBuildFile; fileRef = E70A76032BA30112001980CB /* RoversModel.swift */; };
		E70A76072BA32BA5001980CB /* Kingfisher in Frameworks */ = {isa = PBXBuildFile; productRef = E70A76062BA32BA5001980CB /* Kingfisher */; };
		E70A760E2BA386C3001980CB /* Extension + UIFont.swift in Sources */ = {isa = PBXBuildFile; fileRef = E70A760D2BA386C3001980CB /* Extension + UIFont.swift */; };
		E70A76122BA38F80001980CB /* SF-Bold.ttf in Resources */ = {isa = PBXBuildFile; fileRef = E70A76102BA38CF8001980CB /* SF-Bold.ttf */; };
		E70A76142BA39E16001980CB /* FullScreenImageViewController.swift in Sources */ = {isa = PBXBuildFile; fileRef = E70A76132BA39E16001980CB /* FullScreenImageViewController.swift */; };
		E786EE712BA21DC1003797AD /* AppDelegate.swift in Sources */ = {isa = PBXBuildFile; fileRef = E786EE702BA21DC1003797AD /* AppDelegate.swift */; };
		E786EE732BA21DC1003797AD /* SceneDelegate.swift in Sources */ = {isa = PBXBuildFile; fileRef = E786EE722BA21DC1003797AD /* SceneDelegate.swift */; };
		E786EE752BA21DC1003797AD /* ViewController.swift in Sources */ = {isa = PBXBuildFile; fileRef = E786EE742BA21DC1003797AD /* ViewController.swift */; };
		E786EE782BA21DC1003797AD /* Main.storyboard in Resources */ = {isa = PBXBuildFile; fileRef = E786EE762BA21DC1003797AD /* Main.storyboard */; };
		E786EE7B2BA21DC1003797AD /* NasaPhoto.xcdatamodeld in Sources */ = {isa = PBXBuildFile; fileRef = E786EE792BA21DC1003797AD /* NasaPhoto.xcdatamodeld */; };
		E786EE7D2BA21DC3003797AD /* Assets.xcassets in Resources */ = {isa = PBXBuildFile; fileRef = E786EE7C2BA21DC3003797AD /* Assets.xcassets */; };
		E786EE802BA21DC3003797AD /* LaunchScreen.storyboard in Resources */ = {isa = PBXBuildFile; fileRef = E786EE7E2BA21DC3003797AD /* LaunchScreen.storyboard */; };
		E786EE892BA22012003797AD /* Lottie in Frameworks */ = {isa = PBXBuildFile; productRef = E786EE882BA22012003797AD /* Lottie */; };
		E786EE8B2BA2208D003797AD /* lottie-animation.json in Resources */ = {isa = PBXBuildFile; fileRef = E786EE8A2BA2208D003797AD /* lottie-animation.json */; };
		E786EE8D2BA22C93003797AD /* MainViewController.swift in Sources */ = {isa = PBXBuildFile; fileRef = E786EE8C2BA22C93003797AD /* MainViewController.swift */; };
		E786EE902BA23040003797AD /* View + Extension.swift in Sources */ = {isa = PBXBuildFile; fileRef = E786EE8F2BA23040003797AD /* View + Extension.swift */; };
		E786EE932BA235BB003797AD /* MainViewCell.swift in Sources */ = {isa = PBXBuildFile; fileRef = E786EE912BA235BB003797AD /* MainViewCell.swift */; };
		E786EE942BA235BB003797AD /* MainViewCell.xib in Resources */ = {isa = PBXBuildFile; fileRef = E786EE922BA235BB003797AD /* MainViewCell.xib */; };
/* End PBXBuildFile section */

/* Begin PBXFileReference section */
		E70A76002BA2FDB2001980CB /* NasaAPI.swift */ = {isa = PBXFileReference; lastKnownFileType = sourcecode.swift; path = NasaAPI.swift; sourceTree = "<group>"; };
		E70A76032BA30112001980CB /* RoversModel.swift */ = {isa = PBXFileReference; lastKnownFileType = sourcecode.swift; path = RoversModel.swift; sourceTree = "<group>"; };
		E70A760D2BA386C3001980CB /* Extension + UIFont.swift */ = {isa = PBXFileReference; fileEncoding = 4; lastKnownFileType = sourcecode.swift; path = "Extension + UIFont.swift"; sourceTree = "<group>"; };
		E70A76102BA38CF8001980CB /* SF-Bold.ttf */ = {isa = PBXFileReference; lastKnownFileType = file; path = "SF-Bold.ttf"; sourceTree = "<group>"; };
		E70A76132BA39E16001980CB /* FullScreenImageViewController.swift */ = {isa = PBXFileReference; lastKnownFileType = sourcecode.swift; path = FullScreenImageViewController.swift; sourceTree = "<group>"; };
		E786EE6D2BA21DC1003797AD /* NasaPhoto.app */ = {isa = PBXFileReference; explicitFileType = wrapper.application; includeInIndex = 0; path = NasaPhoto.app; sourceTree = BUILT_PRODUCTS_DIR; };
		E786EE702BA21DC1003797AD /* AppDelegate.swift */ = {isa = PBXFileReference; lastKnownFileType = sourcecode.swift; path = AppDelegate.swift; sourceTree = "<group>"; };
		E786EE722BA21DC1003797AD /* SceneDelegate.swift */ = {isa = PBXFileReference; lastKnownFileType = sourcecode.swift; path = SceneDelegate.swift; sourceTree = "<group>"; };
		E786EE742BA21DC1003797AD /* ViewController.swift */ = {isa = PBXFileReference; lastKnownFileType = sourcecode.swift; path = ViewController.swift; sourceTree = "<group>"; };
		E786EE772BA21DC1003797AD /* Base */ = {isa = PBXFileReference; lastKnownFileType = file.storyboard; name = Base; path = Base.lproj/Main.storyboard; sourceTree = "<group>"; };
		E786EE7A2BA21DC1003797AD /* NasaPhoto.xcdatamodel */ = {isa = PBXFileReference; lastKnownFileType = wrapper.xcdatamodel; path = NasaPhoto.xcdatamodel; sourceTree = "<group>"; };
		E786EE7C2BA21DC3003797AD /* Assets.xcassets */ = {isa = PBXFileReference; lastKnownFileType = folder.assetcatalog; path = Assets.xcassets; sourceTree = "<group>"; };
		E786EE7F2BA21DC3003797AD /* Base */ = {isa = PBXFileReference; lastKnownFileType = file.storyboard; name = Base; path = Base.lproj/LaunchScreen.storyboard; sourceTree = "<group>"; };
		E786EE812BA21DC3003797AD /* Info.plist */ = {isa = PBXFileReference; lastKnownFileType = text.plist.xml; path = Info.plist; sourceTree = "<group>"; };
		E786EE8A2BA2208D003797AD /* lottie-animation.json */ = {isa = PBXFileReference; fileEncoding = 4; lastKnownFileType = text.json; path = "lottie-animation.json"; sourceTree = "<group>"; };
		E786EE8C2BA22C93003797AD /* MainViewController.swift */ = {isa = PBXFileReference; lastKnownFileType = sourcecode.swift; path = MainViewController.swift; sourceTree = "<group>"; };
		E786EE8F2BA23040003797AD /* View + Extension.swift */ = {isa = PBXFileReference; lastKnownFileType = sourcecode.swift; path = "View + Extension.swift"; sourceTree = "<group>"; };
		E786EE912BA235BB003797AD /* MainViewCell.swift */ = {isa = PBXFileReference; lastKnownFileType = sourcecode.swift; path = MainViewCell.swift; sourceTree = "<group>"; };
		E786EE922BA235BB003797AD /* MainViewCell.xib */ = {isa = PBXFileReference; lastKnownFileType = file.xib; path = MainViewCell.xib; sourceTree = "<group>"; };
/* End PBXFileReference section */

/* Begin PBXFrameworksBuildPhase section */
		E786EE6A2BA21DC1003797AD /* Frameworks */ = {
			isa = PBXFrameworksBuildPhase;
			buildActionMask = 2147483647;
			files = (
				E70A76072BA32BA5001980CB /* Kingfisher in Frameworks */,
				E786EE892BA22012003797AD /* Lottie in Frameworks */,
			);
			runOnlyForDeploymentPostprocessing = 0;
		};
/* End PBXFrameworksBuildPhase section */

/* Begin PBXGroup section */
		E70A75FB2BA2FC81001980CB /* Application */ = {
			isa = PBXGroup;
			children = (
				E786EE7E2BA21DC3003797AD /* LaunchScreen.storyboard */,
				E786EE722BA21DC1003797AD /* SceneDelegate.swift */,
				E786EE702BA21DC1003797AD /* AppDelegate.swift */,
			);
			path = Application;
			sourceTree = "<group>";
		};
		E70A75FC2BA2FC9F001980CB /* Resources */ = {
			isa = PBXGroup;
			children = (
				E70A760F2BA38CC7001980CB /* UIFonts */,
				E786EE7C2BA21DC3003797AD /* Assets.xcassets */,
				E786EE8A2BA2208D003797AD /* lottie-animation.json */,
				E786EE792BA21DC1003797AD /* NasaPhoto.xcdatamodeld */,
			);
			path = Resources;
			sourceTree = "<group>";
		};
		E70A75FD2BA2FCCD001980CB /* Cell */ = {
			isa = PBXGroup;
			children = (
				E786EE912BA235BB003797AD /* MainViewCell.swift */,
				E786EE922BA235BB003797AD /* MainViewCell.xib */,
			);
			path = Cell;
			sourceTree = "<group>";
		};
		E70A75FE2BA2FCEA001980CB /* Controllers */ = {
			isa = PBXGroup;
			children = (
				E786EE762BA21DC1003797AD /* Main.storyboard */,
				E786EE742BA21DC1003797AD /* ViewController.swift */,
				E786EE8C2BA22C93003797AD /* MainViewController.swift */,
				E70A76132BA39E16001980CB /* FullScreenImageViewController.swift */,
			);
			path = Controllers;
			sourceTree = "<group>";
		};
		E70A75FF2BA2FDA5001980CB /* API */ = {
			isa = PBXGroup;
			children = (
				E70A76002BA2FDB2001980CB /* NasaAPI.swift */,
			);
			path = API;
			sourceTree = "<group>";
		};
		E70A76022BA30106001980CB /* Model */ = {
			isa = PBXGroup;
			children = (
				E70A76032BA30112001980CB /* RoversModel.swift */,
			);
			path = Model;
			sourceTree = "<group>";
		};
		E70A760F2BA38CC7001980CB /* UIFonts */ = {
			isa = PBXGroup;
			children = (
				E70A76102BA38CF8001980CB /* SF-Bold.ttf */,
				E70A760D2BA386C3001980CB /* Extension + UIFont.swift */,
			);
			path = UIFonts;
			sourceTree = "<group>";
		};
		E786EE642BA21DC1003797AD = {
			isa = PBXGroup;
			children = (
				E786EE6F2BA21DC1003797AD /* NasaPhoto */,
				E786EE6E2BA21DC1003797AD /* Products */,
			);
			sourceTree = "<group>";
		};
		E786EE6E2BA21DC1003797AD /* Products */ = {
			isa = PBXGroup;
			children = (
				E786EE6D2BA21DC1003797AD /* NasaPhoto.app */,
			);
			name = Products;
			sourceTree = "<group>";
		};
		E786EE6F2BA21DC1003797AD /* NasaPhoto */ = {
			isa = PBXGroup;
			children = (
				E70A76022BA30106001980CB /* Model */,
				E70A75FF2BA2FDA5001980CB /* API */,
				E70A75FB2BA2FC81001980CB /* Application */,
				E70A75FE2BA2FCEA001980CB /* Controllers */,
				E70A75FD2BA2FCCD001980CB /* Cell */,
				E786EE812BA21DC3003797AD /* Info.plist */,
				E70A75FC2BA2FC9F001980CB /* Resources */,
				E786EE8E2BA2302F003797AD /* Extensions */,
			);
			path = NasaPhoto;
			sourceTree = "<group>";
		};
		E786EE8E2BA2302F003797AD /* Extensions */ = {
			isa = PBXGroup;
			children = (
				E786EE8F2BA23040003797AD /* View + Extension.swift */,
			);
			path = Extensions;
			sourceTree = "<group>";
		};
/* End PBXGroup section */

/* Begin PBXNativeTarget section */
		E786EE6C2BA21DC1003797AD /* NasaPhoto */ = {
			isa = PBXNativeTarget;
			buildConfigurationList = E786EE842BA21DC3003797AD /* Build configuration list for PBXNativeTarget "NasaPhoto" */;
			buildPhases = (
				E786EE692BA21DC1003797AD /* Sources */,
				E786EE6A2BA21DC1003797AD /* Frameworks */,
				E786EE6B2BA21DC1003797AD /* Resources */,
			);
			buildRules = (
			);
			dependencies = (
			);
			name = NasaPhoto;
			packageProductDependencies = (
				E786EE882BA22012003797AD /* Lottie */,
				E70A76062BA32BA5001980CB /* Kingfisher */,
			);
			productName = NasaPhoto;
			productReference = E786EE6D2BA21DC1003797AD /* NasaPhoto.app */;
			productType = "com.apple.product-type.application";
		};
/* End PBXNativeTarget section */

/* Begin PBXProject section */
		E786EE652BA21DC1003797AD /* Project object */ = {
			isa = PBXProject;
			attributes = {
				BuildIndependentTargetsInParallel = 1;
				LastSwiftUpdateCheck = 1520;
				LastUpgradeCheck = 1520;
				TargetAttributes = {
					E786EE6C2BA21DC1003797AD = {
						CreatedOnToolsVersion = 15.2;
					};
				};
			};
			buildConfigurationList = E786EE682BA21DC1003797AD /* Build configuration list for PBXProject "NasaPhoto" */;
			compatibilityVersion = "Xcode 14.0";
			developmentRegion = en;
			hasScannedForEncodings = 0;
			knownRegions = (
				en,
				Base,
			);
			mainGroup = E786EE642BA21DC1003797AD;
			packageReferences = (
				E786EE872BA22012003797AD /* XCRemoteSwiftPackageReference "lottie-ios" */,
				E70A76052BA32BA5001980CB /* XCRemoteSwiftPackageReference "Kingfisher" */,
			);
			productRefGroup = E786EE6E2BA21DC1003797AD /* Products */;
			projectDirPath = "";
			projectRoot = "";
			targets = (
				E786EE6C2BA21DC1003797AD /* NasaPhoto */,
			);
		};
/* End PBXProject section */

/* Begin PBXResourcesBuildPhase section */
		E786EE6B2BA21DC1003797AD /* Resources */ = {
			isa = PBXResourcesBuildPhase;
			buildActionMask = 2147483647;
			files = (
				E70A76122BA38F80001980CB /* SF-Bold.ttf in Resources */,
				E786EE8B2BA2208D003797AD /* lottie-animation.json in Resources */,
				E786EE802BA21DC3003797AD /* LaunchScreen.storyboard in Resources */,
				E786EE7D2BA21DC3003797AD /* Assets.xcassets in Resources */,
				E786EE782BA21DC1003797AD /* Main.storyboard in Resources */,
				E786EE942BA235BB003797AD /* MainViewCell.xib in Resources */,
			);
			runOnlyForDeploymentPostprocessing = 0;
		};
/* End PBXResourcesBuildPhase section */

/* Begin PBXSourcesBuildPhase section */
		E786EE692BA21DC1003797AD /* Sources */ = {
			isa = PBXSourcesBuildPhase;
			buildActionMask = 2147483647;
			files = (
				E786EE8D2BA22C93003797AD /* MainViewController.swift in Sources */,
				E786EE752BA21DC1003797AD /* ViewController.swift in Sources */,
				E786EE712BA21DC1003797AD /* AppDelegate.swift in Sources */,
				E786EE732BA21DC1003797AD /* SceneDelegate.swift in Sources */,
				E786EE902BA23040003797AD /* View + Extension.swift in Sources */,
				E70A76012BA2FDB2001980CB /* NasaAPI.swift in Sources */,
				E70A76042BA30112001980CB /* RoversModel.swift in Sources */,
				E786EE932BA235BB003797AD /* MainViewCell.swift in Sources */,
				E70A76142BA39E16001980CB /* FullScreenImageViewController.swift in Sources */,
				E70A760E2BA386C3001980CB /* Extension + UIFont.swift in Sources */,
				E786EE7B2BA21DC1003797AD /* NasaPhoto.xcdatamodeld in Sources */,
			);
			runOnlyForDeploymentPostprocessing = 0;
		};
/* End PBXSourcesBuildPhase section */

/* Begin PBXVariantGroup section */
		E786EE762BA21DC1003797AD /* Main.storyboard */ = {
			isa = PBXVariantGroup;
			children = (
				E786EE772BA21DC1003797AD /* Base */,
			);
			name = Main.storyboard;
			sourceTree = "<group>";
		};
		E786EE7E2BA21DC3003797AD /* LaunchScreen.storyboard */ = {
			isa = PBXVariantGroup;
			children = (
				E786EE7F2BA21DC3003797AD /* Base */,
			);
			name = LaunchScreen.storyboard;
			sourceTree = "<group>";
		};
/* End PBXVariantGroup section */

/* Begin XCBuildConfiguration section */
		E786EE822BA21DC3003797AD /* Debug */ = {
			isa = XCBuildConfiguration;
			buildSettings = {
				ALWAYS_SEARCH_USER_PATHS = NO;
				ASSETCATALOG_COMPILER_GENERATE_SWIFT_ASSET_SYMBOL_EXTENSIONS = YES;
				CLANG_ANALYZER_NONNULL = YES;
				CLANG_ANALYZER_NUMBER_OBJECT_CONVERSION = YES_AGGRESSIVE;
				CLANG_CXX_LANGUAGE_STANDARD = "gnu++20";
				CLANG_ENABLE_MODULES = YES;
				CLANG_ENABLE_OBJC_ARC = YES;
				CLANG_ENABLE_OBJC_WEAK = YES;
				CLANG_WARN_BLOCK_CAPTURE_AUTORELEASING = YES;
				CLANG_WARN_BOOL_CONVERSION = YES;
				CLANG_WARN_COMMA = YES;
				CLANG_WARN_CONSTANT_CONVERSION = YES;
				CLANG_WARN_DEPRECATED_OBJC_IMPLEMENTATIONS = YES;
				CLANG_WARN_DIRECT_OBJC_ISA_USAGE = YES_ERROR;
				CLANG_WARN_DOCUMENTATION_COMMENTS = YES;
				CLANG_WARN_EMPTY_BODY = YES;
				CLANG_WARN_ENUM_CONVERSION = YES;
				CLANG_WARN_INFINITE_RECURSION = YES;
				CLANG_WARN_INT_CONVERSION = YES;
				CLANG_WARN_NON_LITERAL_NULL_CONVERSION = YES;
				CLANG_WARN_OBJC_IMPLICIT_RETAIN_SELF = YES;
				CLANG_WARN_OBJC_LITERAL_CONVERSION = YES;
				CLANG_WARN_OBJC_ROOT_CLASS = YES_ERROR;
				CLANG_WARN_QUOTED_INCLUDE_IN_FRAMEWORK_HEADER = YES;
				CLANG_WARN_RANGE_LOOP_ANALYSIS = YES;
				CLANG_WARN_STRICT_PROTOTYPES = YES;
				CLANG_WARN_SUSPICIOUS_MOVE = YES;
				CLANG_WARN_UNGUARDED_AVAILABILITY = YES_AGGRESSIVE;
				CLANG_WARN_UNREACHABLE_CODE = YES;
				CLANG_WARN__DUPLICATE_METHOD_MATCH = YES;
				COPY_PHASE_STRIP = NO;
				DEBUG_INFORMATION_FORMAT = dwarf;
				ENABLE_STRICT_OBJC_MSGSEND = YES;
				ENABLE_TESTABILITY = YES;
				ENABLE_USER_SCRIPT_SANDBOXING = YES;
				GCC_C_LANGUAGE_STANDARD = gnu17;
				GCC_DYNAMIC_NO_PIC = NO;
				GCC_NO_COMMON_BLOCKS = YES;
				GCC_OPTIMIZATION_LEVEL = 0;
				GCC_PREPROCESSOR_DEFINITIONS = (
					"DEBUG=1",
					"$(inherited)",
				);
				GCC_WARN_64_TO_32_BIT_CONVERSION = YES;
				GCC_WARN_ABOUT_RETURN_TYPE = YES_ERROR;
				GCC_WARN_UNDECLARED_SELECTOR = YES;
				GCC_WARN_UNINITIALIZED_AUTOS = YES_AGGRESSIVE;
				GCC_WARN_UNUSED_FUNCTION = YES;
				GCC_WARN_UNUSED_VARIABLE = YES;
				IPHONEOS_DEPLOYMENT_TARGET = 17.2;
				LOCALIZATION_PREFERS_STRING_CATALOGS = YES;
				MTL_ENABLE_DEBUG_INFO = INCLUDE_SOURCE;
				MTL_FAST_MATH = YES;
				ONLY_ACTIVE_ARCH = YES;
				SDKROOT = iphoneos;
				SWIFT_ACTIVE_COMPILATION_CONDITIONS = "DEBUG $(inherited)";
				SWIFT_OPTIMIZATION_LEVEL = "-Onone";
			};
			name = Debug;
		};
		E786EE832BA21DC3003797AD /* Release */ = {
			isa = XCBuildConfiguration;
			buildSettings = {
				ALWAYS_SEARCH_USER_PATHS = NO;
				ASSETCATALOG_COMPILER_GENERATE_SWIFT_ASSET_SYMBOL_EXTENSIONS = YES;
				CLANG_ANALYZER_NONNULL = YES;
				CLANG_ANALYZER_NUMBER_OBJECT_CONVERSION = YES_AGGRESSIVE;
				CLANG_CXX_LANGUAGE_STANDARD = "gnu++20";
				CLANG_ENABLE_MODULES = YES;
				CLANG_ENABLE_OBJC_ARC = YES;
				CLANG_ENABLE_OBJC_WEAK = YES;
				CLANG_WARN_BLOCK_CAPTURE_AUTORELEASING = YES;
				CLANG_WARN_BOOL_CONVERSION = YES;
				CLANG_WARN_COMMA = YES;
				CLANG_WARN_CONSTANT_CONVERSION = YES;
				CLANG_WARN_DEPRECATED_OBJC_IMPLEMENTATIONS = YES;
				CLANG_WARN_DIRECT_OBJC_ISA_USAGE = YES_ERROR;
				CLANG_WARN_DOCUMENTATION_COMMENTS = YES;
				CLANG_WARN_EMPTY_BODY = YES;
				CLANG_WARN_ENUM_CONVERSION = YES;
				CLANG_WARN_INFINITE_RECURSION = YES;
				CLANG_WARN_INT_CONVERSION = YES;
				CLANG_WARN_NON_LITERAL_NULL_CONVERSION = YES;
				CLANG_WARN_OBJC_IMPLICIT_RETAIN_SELF = YES;
				CLANG_WARN_OBJC_LITERAL_CONVERSION = YES;
				CLANG_WARN_OBJC_ROOT_CLASS = YES_ERROR;
				CLANG_WARN_QUOTED_INCLUDE_IN_FRAMEWORK_HEADER = YES;
				CLANG_WARN_RANGE_LOOP_ANALYSIS = YES;
				CLANG_WARN_STRICT_PROTOTYPES = YES;
				CLANG_WARN_SUSPICIOUS_MOVE = YES;
				CLANG_WARN_UNGUARDED_AVAILABILITY = YES_AGGRESSIVE;
				CLANG_WARN_UNREACHABLE_CODE = YES;
				CLANG_WARN__DUPLICATE_METHOD_MATCH = YES;
				COPY_PHASE_STRIP = NO;
				DEBUG_INFORMATION_FORMAT = "dwarf-with-dsym";
				ENABLE_NS_ASSERTIONS = NO;
				ENABLE_STRICT_OBJC_MSGSEND = YES;
				ENABLE_USER_SCRIPT_SANDBOXING = YES;
				GCC_C_LANGUAGE_STANDARD = gnu17;
				GCC_NO_COMMON_BLOCKS = YES;
				GCC_WARN_64_TO_32_BIT_CONVERSION = YES;
				GCC_WARN_ABOUT_RETURN_TYPE = YES_ERROR;
				GCC_WARN_UNDECLARED_SELECTOR = YES;
				GCC_WARN_UNINITIALIZED_AUTOS = YES_AGGRESSIVE;
				GCC_WARN_UNUSED_FUNCTION = YES;
				GCC_WARN_UNUSED_VARIABLE = YES;
				IPHONEOS_DEPLOYMENT_TARGET = 17.2;
				LOCALIZATION_PREFERS_STRING_CATALOGS = YES;
				MTL_ENABLE_DEBUG_INFO = NO;
				MTL_FAST_MATH = YES;
				SDKROOT = iphoneos;
				SWIFT_COMPILATION_MODE = wholemodule;
				VALIDATE_PRODUCT = YES;
			};
			name = Release;
		};
		E786EE852BA21DC3003797AD /* Debug */ = {
			isa = XCBuildConfiguration;
			buildSettings = {
				ASSETCATALOG_COMPILER_APPICON_NAME = AppIcon;
				ASSETCATALOG_COMPILER_GLOBAL_ACCENT_COLOR_NAME = AccentColor;
				CODE_SIGN_STYLE = Automatic;
				CURRENT_PROJECT_VERSION = 1;
				DEVELOPMENT_TEAM = 3HT6K482Y6;
				GENERATE_INFOPLIST_FILE = YES;
				INFOPLIST_FILE = NasaPhoto/Info.plist;
				INFOPLIST_KEY_UIApplicationSupportsIndirectInputEvents = YES;
				INFOPLIST_KEY_UILaunchStoryboardName = LaunchScreen;
				INFOPLIST_KEY_UIMainStoryboardFile = Main;
				INFOPLIST_KEY_UISupportedInterfaceOrientations_iPad = "UIInterfaceOrientationPortrait UIInterfaceOrientationPortraitUpsideDown UIInterfaceOrientationLandscapeLeft UIInterfaceOrientationLandscapeRight";
				INFOPLIST_KEY_UISupportedInterfaceOrientations_iPhone = "UIInterfaceOrientationPortrait UIInterfaceOrientationLandscapeLeft UIInterfaceOrientationLandscapeRight";
				LD_RUNPATH_SEARCH_PATHS = (
					"$(inherited)",
					"@executable_path/Frameworks",
				);
				MARKETING_VERSION = 1.0;
				PRODUCT_BUNDLE_IDENTIFIER = com.test.app.NasaPhoto;
				PRODUCT_NAME = "$(TARGET_NAME)";
				SWIFT_EMIT_LOC_STRINGS = YES;
				SWIFT_VERSION = 5.0;
				TARGETED_DEVICE_FAMILY = "1,2";
			};
			name = Debug;
		};
		E786EE862BA21DC3003797AD /* Release */ = {
			isa = XCBuildConfiguration;
			buildSettings = {
				ASSETCATALOG_COMPILER_APPICON_NAME = AppIcon;
				ASSETCATALOG_COMPILER_GLOBAL_ACCENT_COLOR_NAME = AccentColor;
				CODE_SIGN_STYLE = Automatic;
				CURRENT_PROJECT_VERSION = 1;
				DEVELOPMENT_TEAM = 3HT6K482Y6;
				GENERATE_INFOPLIST_FILE = YES;
				INFOPLIST_FILE = NasaPhoto/Info.plist;
				INFOPLIST_KEY_UIApplicationSupportsIndirectInputEvents = YES;
				INFOPLIST_KEY_UILaunchStoryboardName = LaunchScreen;
				INFOPLIST_KEY_UIMainStoryboardFile = Main;
				INFOPLIST_KEY_UISupportedInterfaceOrientations_iPad = "UIInterfaceOrientationPortrait UIInterfaceOrientationPortraitUpsideDown UIInterfaceOrientationLandscapeLeft UIInterfaceOrientationLandscapeRight";
				INFOPLIST_KEY_UISupportedInterfaceOrientations_iPhone = "UIInterfaceOrientationPortrait UIInterfaceOrientationLandscapeLeft UIInterfaceOrientationLandscapeRight";
				LD_RUNPATH_SEARCH_PATHS = (
					"$(inherited)",
					"@executable_path/Frameworks",
				);
				MARKETING_VERSION = 1.0;
				PRODUCT_BUNDLE_IDENTIFIER = com.test.app.NasaPhoto;
				PRODUCT_NAME = "$(TARGET_NAME)";
				SWIFT_EMIT_LOC_STRINGS = YES;
				SWIFT_VERSION = 5.0;
				TARGETED_DEVICE_FAMILY = "1,2";
			};
			name = Release;
		};
/* End XCBuildConfiguration section */

/* Begin XCConfigurationList section */
		E786EE682BA21DC1003797AD /* Build configuration list for PBXProject "NasaPhoto" */ = {
			isa = XCConfigurationList;
			buildConfigurations = (
				E786EE822BA21DC3003797AD /* Debug */,
				E786EE832BA21DC3003797AD /* Release */,
			);
			defaultConfigurationIsVisible = 0;
			defaultConfigurationName = Release;
		};
		E786EE842BA21DC3003797AD /* Build configuration list for PBXNativeTarget "NasaPhoto" */ = {
			isa = XCConfigurationList;
			buildConfigurations = (
				E786EE852BA21DC3003797AD /* Debug */,
				E786EE862BA21DC3003797AD /* Release */,
			);
			defaultConfigurationIsVisible = 0;
			defaultConfigurationName = Release;
		};
/* End XCConfigurationList section */

/* Begin XCRemoteSwiftPackageReference section */
		E70A76052BA32BA5001980CB /* XCRemoteSwiftPackageReference "Kingfisher" */ = {
			isa = XCRemoteSwiftPackageReference;
			repositoryURL = "https://github.com/onevcat/Kingfisher.git";
			requirement = {
				kind = upToNextMajorVersion;
				minimumVersion = 7.11.0;
			};
		};
		E786EE872BA22012003797AD /* XCRemoteSwiftPackageReference "lottie-ios" */ = {
			isa = XCRemoteSwiftPackageReference;
			repositoryURL = "https://github.com/airbnb/lottie-ios.git";
			requirement = {
				kind = upToNextMajorVersion;
				minimumVersion = 4.4.1;
			};
		};
/* End XCRemoteSwiftPackageReference section */

/* Begin XCSwiftPackageProductDependency section */
		E70A76062BA32BA5001980CB /* Kingfisher */ = {
			isa = XCSwiftPackageProductDependency;
			package = E70A76052BA32BA5001980CB /* XCRemoteSwiftPackageReference "Kingfisher" */;
			productName = Kingfisher;
		};
		E786EE882BA22012003797AD /* Lottie */ = {
			isa = XCSwiftPackageProductDependency;
			package = E786EE872BA22012003797AD /* XCRemoteSwiftPackageReference "lottie-ios" */;
			productName = Lottie;
		};
/* End XCSwiftPackageProductDependency section */

/* Begin XCVersionGroup section */
		E786EE792BA21DC1003797AD /* NasaPhoto.xcdatamodeld */ = {
			isa = XCVersionGroup;
			children = (
				E786EE7A2BA21DC1003797AD /* NasaPhoto.xcdatamodel */,
			);
			currentVersion = E786EE7A2BA21DC1003797AD /* NasaPhoto.xcdatamodel */;
			path = NasaPhoto.xcdatamodeld;
			sourceTree = "<group>";
			versionGroupType = wrapper.xcdatamodel;
		};
/* End XCVersionGroup section */
	};
	rootObject = E786EE652BA21DC1003797AD /* Project object */;
}
